// !$*UTF8*$!
{
	archiveVersion = 1;
	classes = {
	};
	objectVersion = 55;
	objects = {

/* Begin PBXBuildFile section */
		930A4ACD27AA63B500A691DF /* AppDelegate.swift in Sources */ = {isa = PBXBuildFile; fileRef = 930A4ACC27AA63B500A691DF /* AppDelegate.swift */; };
		930A4ACF27AA63B500A691DF /* SceneDelegate.swift in Sources */ = {isa = PBXBuildFile; fileRef = 930A4ACE27AA63B500A691DF /* SceneDelegate.swift */; };
		930A4AD427AA63B500A691DF /* Main.storyboard in Resources */ = {isa = PBXBuildFile; fileRef = 930A4AD227AA63B500A691DF /* Main.storyboard */; };
		930A4AD727AA63B500A691DF /* RxMemo.xcdatamodeld in Sources */ = {isa = PBXBuildFile; fileRef = 930A4AD527AA63B500A691DF /* RxMemo.xcdatamodeld */; };
		930A4AD927AA63B600A691DF /* Assets.xcassets in Resources */ = {isa = PBXBuildFile; fileRef = 930A4AD827AA63B600A691DF /* Assets.xcassets */; };
		930A4ADC27AA63B600A691DF /* LaunchScreen.storyboard in Resources */ = {isa = PBXBuildFile; fileRef = 930A4ADA27AA63B600A691DF /* LaunchScreen.storyboard */; };
		930A4AE927AAB7B000A691DF /* Memo.swift in Sources */ = {isa = PBXBuildFile; fileRef = 930A4AE827AAB7B000A691DF /* Memo.swift */; };
		930A4AEB27AAB88900A691DF /* MemoStorageType.swift in Sources */ = {isa = PBXBuildFile; fileRef = 930A4AEA27AAB88900A691DF /* MemoStorageType.swift */; };
		93752BEC27AC16CF005818AC /* MemoryStorage.swift in Sources */ = {isa = PBXBuildFile; fileRef = 93752BEB27AC16CF005818AC /* MemoryStorage.swift */; };
		93752BEE27AC20D4005818AC /* MemoListViewController.swift in Sources */ = {isa = PBXBuildFile; fileRef = 93752BED27AC20D4005818AC /* MemoListViewController.swift */; };
		93752BF027AC20F6005818AC /* MemoDetailViewController.swift in Sources */ = {isa = PBXBuildFile; fileRef = 93752BEF27AC20F6005818AC /* MemoDetailViewController.swift */; };
		93752BF227AC212B005818AC /* MemoComposeViewController.swift in Sources */ = {isa = PBXBuildFile; fileRef = 93752BF127AC212B005818AC /* MemoComposeViewController.swift */; };
		93752BF427AC218A005818AC /* MemoListViewModel.swift in Sources */ = {isa = PBXBuildFile; fileRef = 93752BF327AC218A005818AC /* MemoListViewModel.swift */; };
		93752BF627AC21B2005818AC /* MemoDetailViewModel.swift in Sources */ = {isa = PBXBuildFile; fileRef = 93752BF527AC21B2005818AC /* MemoDetailViewModel.swift */; };
		93752BF827AC21C8005818AC /* MemoComposeViewModel.swift in Sources */ = {isa = PBXBuildFile; fileRef = 93752BF727AC21C8005818AC /* MemoComposeViewModel.swift */; };
		93752BFA27AC2207005818AC /* ViewModelBindable.swift in Sources */ = {isa = PBXBuildFile; fileRef = 93752BF927AC2207005818AC /* ViewModelBindable.swift */; };
		93752BFC27AC24B6005818AC /* TransitionModel.swift in Sources */ = {isa = PBXBuildFile; fileRef = 93752BFB27AC24B6005818AC /* TransitionModel.swift */; };
		93752BFE27AC24F9005818AC /* Scene.swift in Sources */ = {isa = PBXBuildFile; fileRef = 93752BFD27AC24F9005818AC /* Scene.swift */; };
		AE7C30C61FAEB4375F8DD968 /* Pods_RxMemo.framework in Frameworks */ = {isa = PBXBuildFile; fileRef = 06EA0FCC15A16FF85A7557C1 /* Pods_RxMemo.framework */; };
/* End PBXBuildFile section */

/* Begin PBXFileReference section */
		06EA0FCC15A16FF85A7557C1 /* Pods_RxMemo.framework */ = {isa = PBXFileReference; explicitFileType = wrapper.framework; includeInIndex = 0; path = Pods_RxMemo.framework; sourceTree = BUILT_PRODUCTS_DIR; };
		629996E03222BBC8E1333B43 /* Pods-RxMemo.debug.xcconfig */ = {isa = PBXFileReference; includeInIndex = 1; lastKnownFileType = text.xcconfig; name = "Pods-RxMemo.debug.xcconfig"; path = "Target Support Files/Pods-RxMemo/Pods-RxMemo.debug.xcconfig"; sourceTree = "<group>"; };
		87478B4106FE23CD7D284019 /* Pods-RxMemo.release.xcconfig */ = {isa = PBXFileReference; includeInIndex = 1; lastKnownFileType = text.xcconfig; name = "Pods-RxMemo.release.xcconfig"; path = "Target Support Files/Pods-RxMemo/Pods-RxMemo.release.xcconfig"; sourceTree = "<group>"; };
		930A4AC927AA63B500A691DF /* RxMemo.app */ = {isa = PBXFileReference; explicitFileType = wrapper.application; includeInIndex = 0; path = RxMemo.app; sourceTree = BUILT_PRODUCTS_DIR; };
		930A4ACC27AA63B500A691DF /* AppDelegate.swift */ = {isa = PBXFileReference; lastKnownFileType = sourcecode.swift; path = AppDelegate.swift; sourceTree = "<group>"; };
		930A4ACE27AA63B500A691DF /* SceneDelegate.swift */ = {isa = PBXFileReference; lastKnownFileType = sourcecode.swift; path = SceneDelegate.swift; sourceTree = "<group>"; };
		930A4AD327AA63B500A691DF /* Base */ = {isa = PBXFileReference; lastKnownFileType = file.storyboard; name = Base; path = Base.lproj/Main.storyboard; sourceTree = "<group>"; };
		930A4AD627AA63B500A691DF /* RxMemo.xcdatamodel */ = {isa = PBXFileReference; lastKnownFileType = wrapper.xcdatamodel; path = RxMemo.xcdatamodel; sourceTree = "<group>"; };
		930A4AD827AA63B600A691DF /* Assets.xcassets */ = {isa = PBXFileReference; lastKnownFileType = folder.assetcatalog; path = Assets.xcassets; sourceTree = "<group>"; };
		930A4ADB27AA63B600A691DF /* Base */ = {isa = PBXFileReference; lastKnownFileType = file.storyboard; name = Base; path = Base.lproj/LaunchScreen.storyboard; sourceTree = "<group>"; };
		930A4ADD27AA63B600A691DF /* Info.plist */ = {isa = PBXFileReference; lastKnownFileType = text.plist.xml; path = Info.plist; sourceTree = "<group>"; };
		930A4AE827AAB7B000A691DF /* Memo.swift */ = {isa = PBXFileReference; lastKnownFileType = sourcecode.swift; path = Memo.swift; sourceTree = "<group>"; };
		930A4AEA27AAB88900A691DF /* MemoStorageType.swift */ = {isa = PBXFileReference; lastKnownFileType = sourcecode.swift; path = MemoStorageType.swift; sourceTree = "<group>"; };
		93752BEB27AC16CF005818AC /* MemoryStorage.swift */ = {isa = PBXFileReference; lastKnownFileType = sourcecode.swift; path = MemoryStorage.swift; sourceTree = "<group>"; };
		93752BED27AC20D4005818AC /* MemoListViewController.swift */ = {isa = PBXFileReference; lastKnownFileType = sourcecode.swift; path = MemoListViewController.swift; sourceTree = "<group>"; };
		93752BEF27AC20F6005818AC /* MemoDetailViewController.swift */ = {isa = PBXFileReference; lastKnownFileType = sourcecode.swift; path = MemoDetailViewController.swift; sourceTree = "<group>"; };
		93752BF127AC212B005818AC /* MemoComposeViewController.swift */ = {isa = PBXFileReference; lastKnownFileType = sourcecode.swift; path = MemoComposeViewController.swift; sourceTree = "<group>"; };
		93752BF327AC218A005818AC /* MemoListViewModel.swift */ = {isa = PBXFileReference; lastKnownFileType = sourcecode.swift; path = MemoListViewModel.swift; sourceTree = "<group>"; };
		93752BF527AC21B2005818AC /* MemoDetailViewModel.swift */ = {isa = PBXFileReference; lastKnownFileType = sourcecode.swift; path = MemoDetailViewModel.swift; sourceTree = "<group>"; };
		93752BF727AC21C8005818AC /* MemoComposeViewModel.swift */ = {isa = PBXFileReference; lastKnownFileType = sourcecode.swift; path = MemoComposeViewModel.swift; sourceTree = "<group>"; };
		93752BF927AC2207005818AC /* ViewModelBindable.swift */ = {isa = PBXFileReference; lastKnownFileType = sourcecode.swift; path = ViewModelBindable.swift; sourceTree = "<group>"; };
		93752BFB27AC24B6005818AC /* TransitionModel.swift */ = {isa = PBXFileReference; lastKnownFileType = sourcecode.swift; path = TransitionModel.swift; sourceTree = "<group>"; };
		93752BFD27AC24F9005818AC /* Scene.swift */ = {isa = PBXFileReference; lastKnownFileType = sourcecode.swift; path = Scene.swift; sourceTree = "<group>"; };
/* End PBXFileReference section */

/* Begin PBXFrameworksBuildPhase section */
		930A4AC627AA63B500A691DF /* Frameworks */ = {
			isa = PBXFrameworksBuildPhase;
			buildActionMask = 2147483647;
			files = (
				AE7C30C61FAEB4375F8DD968 /* Pods_RxMemo.framework in Frameworks */,
			);
			runOnlyForDeploymentPostprocessing = 0;
		};
/* End PBXFrameworksBuildPhase section */

/* Begin PBXGroup section */
		241479B4E09E56D28C9E2C4D /* Pods */ = {
			isa = PBXGroup;
			children = (
				629996E03222BBC8E1333B43 /* Pods-RxMemo.debug.xcconfig */,
				87478B4106FE23CD7D284019 /* Pods-RxMemo.release.xcconfig */,
			);
			path = Pods;
			sourceTree = "<group>";
		};
		8388176C3919A8180C0C8AB4 /* Frameworks */ = {
			isa = PBXGroup;
			children = (
				06EA0FCC15A16FF85A7557C1 /* Pods_RxMemo.framework */,
			);
			name = Frameworks;
			sourceTree = "<group>";
		};
		930A4AC027AA63B500A691DF = {
			isa = PBXGroup;
			children = (
				930A4ACB27AA63B500A691DF /* RxMemo */,
				930A4ACA27AA63B500A691DF /* Products */,
				241479B4E09E56D28C9E2C4D /* Pods */,
				8388176C3919A8180C0C8AB4 /* Frameworks */,
			);
			sourceTree = "<group>";
		};
		930A4ACA27AA63B500A691DF /* Products */ = {
			isa = PBXGroup;
			children = (
				930A4AC927AA63B500A691DF /* RxMemo.app */,
			);
			name = Products;
			sourceTree = "<group>";
		};
		930A4ACB27AA63B500A691DF /* RxMemo */ = {
			isa = PBXGroup;
			children = (
				930A4AE727AAB61E00A691DF /* Scene */,
				930A4AE627AAB60900A691DF /* Service */,
				930A4AE527AAB5F600A691DF /* ViewModel */,
				930A4AE427AAB5E000A691DF /* ViewController */,
				930A4AE327AAB5D200A691DF /* Model */,
				930A4ACC27AA63B500A691DF /* AppDelegate.swift */,
				930A4ACE27AA63B500A691DF /* SceneDelegate.swift */,
				930A4AD827AA63B600A691DF /* Assets.xcassets */,
				930A4ADD27AA63B600A691DF /* Info.plist */,
			);
			path = RxMemo;
			sourceTree = "<group>";
		};
		930A4AE327AAB5D200A691DF /* Model */ = {
			isa = PBXGroup;
			children = (
				930A4AE827AAB7B000A691DF /* Memo.swift */,
			);
			path = Model;
			sourceTree = "<group>";
		};
		930A4AE427AAB5E000A691DF /* ViewController */ = {
			isa = PBXGroup;
			children = (
				930A4AD227AA63B500A691DF /* Main.storyboard */,
				930A4ADA27AA63B600A691DF /* LaunchScreen.storyboard */,
				93752BED27AC20D4005818AC /* MemoListViewController.swift */,
				93752BEF27AC20F6005818AC /* MemoDetailViewController.swift */,
				93752BF127AC212B005818AC /* MemoComposeViewController.swift */,
				93752BF927AC2207005818AC /* ViewModelBindable.swift */,
			);
			path = ViewController;
			sourceTree = "<group>";
		};
		930A4AE527AAB5F600A691DF /* ViewModel */ = {
			isa = PBXGroup;
			children = (
				93752BF327AC218A005818AC /* MemoListViewModel.swift */,
				93752BF527AC21B2005818AC /* MemoDetailViewModel.swift */,
				93752BF727AC21C8005818AC /* MemoComposeViewModel.swift */,
			);
			path = ViewModel;
			sourceTree = "<group>";
		};
		930A4AE627AAB60900A691DF /* Service */ = {
			isa = PBXGroup;
			children = (
				930A4AEA27AAB88900A691DF /* MemoStorageType.swift */,
				93752BEA27AC16B1005818AC /* CoreDataStorage */,
				93752BE827AC1698005818AC /* MemoryStorage */,
			);
			path = Service;
			sourceTree = "<group>";
		};
		930A4AE727AAB61E00A691DF /* Scene */ = {
			isa = PBXGroup;
			children = (
				93752BFB27AC24B6005818AC /* TransitionModel.swift */,
				93752BFD27AC24F9005818AC /* Scene.swift */,
			);
			path = Scene;
			sourceTree = "<group>";
		};
		93752BE827AC1698005818AC /* MemoryStorage */ = {
			isa = PBXGroup;
			children = (
				93752BEB27AC16CF005818AC /* MemoryStorage.swift */,
			);
			path = MemoryStorage;
			sourceTree = "<group>";
		};
		93752BEA27AC16B1005818AC /* CoreDataStorage */ = {
			isa = PBXGroup;
			children = (
				930A4AD527AA63B500A691DF /* RxMemo.xcdatamodeld */,
			);
			path = CoreDataStorage;
			sourceTree = "<group>";
		};
/* End PBXGroup section */

/* Begin PBXNativeTarget section */
		930A4AC827AA63B500A691DF /* RxMemo */ = {
			isa = PBXNativeTarget;
			buildConfigurationList = 930A4AE027AA63B600A691DF /* Build configuration list for PBXNativeTarget "RxMemo" */;
			buildPhases = (
				C0CD9381469BD7B2CFCE1999 /* [CP] Check Pods Manifest.lock */,
				930A4AC527AA63B500A691DF /* Sources */,
				930A4AC627AA63B500A691DF /* Frameworks */,
				930A4AC727AA63B500A691DF /* Resources */,
				5461A385BF3DF66059E998BD /* [CP] Embed Pods Frameworks */,
			);
			buildRules = (
			);
			dependencies = (
			);
			name = RxMemo;
			productName = RxMemo;
			productReference = 930A4AC927AA63B500A691DF /* RxMemo.app */;
			productType = "com.apple.product-type.application";
		};
/* End PBXNativeTarget section */

/* Begin PBXProject section */
		930A4AC127AA63B500A691DF /* Project object */ = {
			isa = PBXProject;
			attributes = {
				BuildIndependentTargetsInParallel = 1;
				LastSwiftUpdateCheck = 1310;
				LastUpgradeCheck = 1310;
				TargetAttributes = {
					930A4AC827AA63B500A691DF = {
						CreatedOnToolsVersion = 13.1;
					};
				};
			};
			buildConfigurationList = 930A4AC427AA63B500A691DF /* Build configuration list for PBXProject "RxMemo" */;
			compatibilityVersion = "Xcode 13.0";
			developmentRegion = en;
			hasScannedForEncodings = 0;
			knownRegions = (
				en,
				Base,
			);
			mainGroup = 930A4AC027AA63B500A691DF;
			productRefGroup = 930A4ACA27AA63B500A691DF /* Products */;
			projectDirPath = "";
			projectRoot = "";
			targets = (
				930A4AC827AA63B500A691DF /* RxMemo */,
			);
		};
/* End PBXProject section */

/* Begin PBXResourcesBuildPhase section */
		930A4AC727AA63B500A691DF /* Resources */ = {
			isa = PBXResourcesBuildPhase;
			buildActionMask = 2147483647;
			files = (
				930A4ADC27AA63B600A691DF /* LaunchScreen.storyboard in Resources */,
				930A4AD927AA63B600A691DF /* Assets.xcassets in Resources */,
				930A4AD427AA63B500A691DF /* Main.storyboard in Resources */,
			);
			runOnlyForDeploymentPostprocessing = 0;
		};
/* End PBXResourcesBuildPhase section */

/* Begin PBXShellScriptBuildPhase section */
		5461A385BF3DF66059E998BD /* [CP] Embed Pods Frameworks */ = {
			isa = PBXShellScriptBuildPhase;
			buildActionMask = 2147483647;
			files = (
			);
			inputFileListPaths = (
				"${PODS_ROOT}/Target Support Files/Pods-RxMemo/Pods-RxMemo-frameworks-${CONFIGURATION}-input-files.xcfilelist",
			);
			name = "[CP] Embed Pods Frameworks";
			outputFileListPaths = (
				"${PODS_ROOT}/Target Support Files/Pods-RxMemo/Pods-RxMemo-frameworks-${CONFIGURATION}-output-files.xcfilelist",
			);
			runOnlyForDeploymentPostprocessing = 0;
			shellPath = /bin/sh;
			shellScript = "\"${PODS_ROOT}/Target Support Files/Pods-RxMemo/Pods-RxMemo-frameworks.sh\"\n";
			showEnvVarsInLog = 0;
		};
		C0CD9381469BD7B2CFCE1999 /* [CP] Check Pods Manifest.lock */ = {
			isa = PBXShellScriptBuildPhase;
			buildActionMask = 2147483647;
			files = (
			);
			inputFileListPaths = (
			);
			inputPaths = (
				"${PODS_PODFILE_DIR_PATH}/Podfile.lock",
				"${PODS_ROOT}/Manifest.lock",
			);
			name = "[CP] Check Pods Manifest.lock";
			outputFileListPaths = (
			);
			outputPaths = (
				"$(DERIVED_FILE_DIR)/Pods-RxMemo-checkManifestLockResult.txt",
			);
			runOnlyForDeploymentPostprocessing = 0;
			shellPath = /bin/sh;
			shellScript = "diff \"${PODS_PODFILE_DIR_PATH}/Podfile.lock\" \"${PODS_ROOT}/Manifest.lock\" > /dev/null\nif [ $? != 0 ] ; then\n    # print error to STDERR\n    echo \"error: The sandbox is not in sync with the Podfile.lock. Run 'pod install' or update your CocoaPods installation.\" >&2\n    exit 1\nfi\n# This output is used by Xcode 'outputs' to avoid re-running this script phase.\necho \"SUCCESS\" > \"${SCRIPT_OUTPUT_FILE_0}\"\n";
			showEnvVarsInLog = 0;
		};
/* End PBXShellScriptBuildPhase section */

/* Begin PBXSourcesBuildPhase section */
		930A4AC527AA63B500A691DF /* Sources */ = {
			isa = PBXSourcesBuildPhase;
			buildActionMask = 2147483647;
			files = (
				93752BEC27AC16CF005818AC /* MemoryStorage.swift in Sources */,
				93752BF827AC21C8005818AC /* MemoComposeViewModel.swift in Sources */,
				93752BFE27AC24F9005818AC /* Scene.swift in Sources */,
				93752BF027AC20F6005818AC /* MemoDetailViewController.swift in Sources */,
				930A4ACD27AA63B500A691DF /* AppDelegate.swift in Sources */,
				930A4AEB27AAB88900A691DF /* MemoStorageType.swift in Sources */,
				930A4ACF27AA63B500A691DF /* SceneDelegate.swift in Sources */,
				930A4AD727AA63B500A691DF /* RxMemo.xcdatamodeld in Sources */,
				93752BF427AC218A005818AC /* MemoListViewModel.swift in Sources */,
				93752BF627AC21B2005818AC /* MemoDetailViewModel.swift in Sources */,
				93752BEE27AC20D4005818AC /* MemoListViewController.swift in Sources */,
				93752BFC27AC24B6005818AC /* TransitionModel.swift in Sources */,
				93752BF227AC212B005818AC /* MemoComposeViewController.swift in Sources */,
				930A4AE927AAB7B000A691DF /* Memo.swift in Sources */,
				93752BFA27AC2207005818AC /* ViewModelBindable.swift in Sources */,
			);
			runOnlyForDeploymentPostprocessing = 0;
		};
/* End PBXSourcesBuildPhase section */

/* Begin PBXVariantGroup section */
		930A4AD227AA63B500A691DF /* Main.storyboard */ = {
			isa = PBXVariantGroup;
			children = (
				930A4AD327AA63B500A691DF /* Base */,
			);
			name = Main.storyboard;
			sourceTree = "<group>";
		};
		930A4ADA27AA63B600A691DF /* LaunchScreen.storyboard */ = {
			isa = PBXVariantGroup;
			children = (
				930A4ADB27AA63B600A691DF /* Base */,
			);
			name = LaunchScreen.storyboard;
			sourceTree = "<group>";
		};
/* End PBXVariantGroup section */

/* Begin XCBuildConfiguration section */
		930A4ADE27AA63B600A691DF /* Debug */ = {
			isa = XCBuildConfiguration;
			buildSettings = {
				ALWAYS_SEARCH_USER_PATHS = NO;
				CLANG_ANALYZER_NONNULL = YES;
				CLANG_ANALYZER_NUMBER_OBJECT_CONVERSION = YES_AGGRESSIVE;
				CLANG_CXX_LANGUAGE_STANDARD = "gnu++17";
				CLANG_CXX_LIBRARY = "libc++";
				CLANG_ENABLE_MODULES = YES;
				CLANG_ENABLE_OBJC_ARC = YES;
				CLANG_ENABLE_OBJC_WEAK = YES;
				CLANG_WARN_BLOCK_CAPTURE_AUTORELEASING = YES;
				CLANG_WARN_BOOL_CONVERSION = YES;
				CLANG_WARN_COMMA = YES;
				CLANG_WARN_CONSTANT_CONVERSION = YES;
				CLANG_WARN_DEPRECATED_OBJC_IMPLEMENTATIONS = YES;
				CLANG_WARN_DIRECT_OBJC_ISA_USAGE = YES_ERROR;
				CLANG_WARN_DOCUMENTATION_COMMENTS = YES;
				CLANG_WARN_EMPTY_BODY = YES;
				CLANG_WARN_ENUM_CONVERSION = YES;
				CLANG_WARN_INFINITE_RECURSION = YES;
				CLANG_WARN_INT_CONVERSION = YES;
				CLANG_WARN_NON_LITERAL_NULL_CONVERSION = YES;
				CLANG_WARN_OBJC_IMPLICIT_RETAIN_SELF = YES;
				CLANG_WARN_OBJC_LITERAL_CONVERSION = YES;
				CLANG_WARN_OBJC_ROOT_CLASS = YES_ERROR;
				CLANG_WARN_QUOTED_INCLUDE_IN_FRAMEWORK_HEADER = YES;
				CLANG_WARN_RANGE_LOOP_ANALYSIS = YES;
				CLANG_WARN_STRICT_PROTOTYPES = YES;
				CLANG_WARN_SUSPICIOUS_MOVE = YES;
				CLANG_WARN_UNGUARDED_AVAILABILITY = YES_AGGRESSIVE;
				CLANG_WARN_UNREACHABLE_CODE = YES;
				CLANG_WARN__DUPLICATE_METHOD_MATCH = YES;
				COPY_PHASE_STRIP = NO;
				DEBUG_INFORMATION_FORMAT = dwarf;
				ENABLE_STRICT_OBJC_MSGSEND = YES;
				ENABLE_TESTABILITY = YES;
				GCC_C_LANGUAGE_STANDARD = gnu11;
				GCC_DYNAMIC_NO_PIC = NO;
				GCC_NO_COMMON_BLOCKS = YES;
				GCC_OPTIMIZATION_LEVEL = 0;
				GCC_PREPROCESSOR_DEFINITIONS = (
					"DEBUG=1",
					"$(inherited)",
				);
				GCC_WARN_64_TO_32_BIT_CONVERSION = YES;
				GCC_WARN_ABOUT_RETURN_TYPE = YES_ERROR;
				GCC_WARN_UNDECLARED_SELECTOR = YES;
				GCC_WARN_UNINITIALIZED_AUTOS = YES_AGGRESSIVE;
				GCC_WARN_UNUSED_FUNCTION = YES;
				GCC_WARN_UNUSED_VARIABLE = YES;
				IPHONEOS_DEPLOYMENT_TARGET = 13.0;
				MTL_ENABLE_DEBUG_INFO = INCLUDE_SOURCE;
				MTL_FAST_MATH = YES;
				ONLY_ACTIVE_ARCH = YES;
				SDKROOT = iphoneos;
				SWIFT_ACTIVE_COMPILATION_CONDITIONS = DEBUG;
				SWIFT_OPTIMIZATION_LEVEL = "-Onone";
			};
			name = Debug;
		};
		930A4ADF27AA63B600A691DF /* Release */ = {
			isa = XCBuildConfiguration;
			buildSettings = {
				ALWAYS_SEARCH_USER_PATHS = NO;
				CLANG_ANALYZER_NONNULL = YES;
				CLANG_ANALYZER_NUMBER_OBJECT_CONVERSION = YES_AGGRESSIVE;
				CLANG_CXX_LANGUAGE_STANDARD = "gnu++17";
				CLANG_CXX_LIBRARY = "libc++";
				CLANG_ENABLE_MODULES = YES;
				CLANG_ENABLE_OBJC_ARC = YES;
				CLANG_ENABLE_OBJC_WEAK = YES;
				CLANG_WARN_BLOCK_CAPTURE_AUTORELEASING = YES;
				CLANG_WARN_BOOL_CONVERSION = YES;
				CLANG_WARN_COMMA = YES;
				CLANG_WARN_CONSTANT_CONVERSION = YES;
				CLANG_WARN_DEPRECATED_OBJC_IMPLEMENTATIONS = YES;
				CLANG_WARN_DIRECT_OBJC_ISA_USAGE = YES_ERROR;
				CLANG_WARN_DOCUMENTATION_COMMENTS = YES;
				CLANG_WARN_EMPTY_BODY = YES;
				CLANG_WARN_ENUM_CONVERSION = YES;
				CLANG_WARN_INFINITE_RECURSION = YES;
				CLANG_WARN_INT_CONVERSION = YES;
				CLANG_WARN_NON_LITERAL_NULL_CONVERSION = YES;
				CLANG_WARN_OBJC_IMPLICIT_RETAIN_SELF = YES;
				CLANG_WARN_OBJC_LITERAL_CONVERSION = YES;
				CLANG_WARN_OBJC_ROOT_CLASS = YES_ERROR;
				CLANG_WARN_QUOTED_INCLUDE_IN_FRAMEWORK_HEADER = YES;
				CLANG_WARN_RANGE_LOOP_ANALYSIS = YES;
				CLANG_WARN_STRICT_PROTOTYPES = YES;
				CLANG_WARN_SUSPICIOUS_MOVE = YES;
				CLANG_WARN_UNGUARDED_AVAILABILITY = YES_AGGRESSIVE;
				CLANG_WARN_UNREACHABLE_CODE = YES;
				CLANG_WARN__DUPLICATE_METHOD_MATCH = YES;
				COPY_PHASE_STRIP = NO;
				DEBUG_INFORMATION_FORMAT = "dwarf-with-dsym";
				ENABLE_NS_ASSERTIONS = NO;
				ENABLE_STRICT_OBJC_MSGSEND = YES;
				GCC_C_LANGUAGE_STANDARD = gnu11;
				GCC_NO_COMMON_BLOCKS = YES;
				GCC_WARN_64_TO_32_BIT_CONVERSION = YES;
				GCC_WARN_ABOUT_RETURN_TYPE = YES_ERROR;
				GCC_WARN_UNDECLARED_SELECTOR = YES;
				GCC_WARN_UNINITIALIZED_AUTOS = YES_AGGRESSIVE;
				GCC_WARN_UNUSED_FUNCTION = YES;
				GCC_WARN_UNUSED_VARIABLE = YES;
				IPHONEOS_DEPLOYMENT_TARGET = 13.0;
				MTL_ENABLE_DEBUG_INFO = NO;
				MTL_FAST_MATH = YES;
				SDKROOT = iphoneos;
				SWIFT_COMPILATION_MODE = wholemodule;
				SWIFT_OPTIMIZATION_LEVEL = "-O";
				VALIDATE_PRODUCT = YES;
			};
			name = Release;
		};
		930A4AE127AA63B600A691DF /* Debug */ = {
			isa = XCBuildConfiguration;
			baseConfigurationReference = 629996E03222BBC8E1333B43 /* Pods-RxMemo.debug.xcconfig */;
			buildSettings = {
				ASSETCATALOG_COMPILER_APPICON_NAME = AppIcon;
				ASSETCATALOG_COMPILER_GLOBAL_ACCENT_COLOR_NAME = AccentColor;
				CODE_SIGN_STYLE = Automatic;
				CURRENT_PROJECT_VERSION = 1;
				DEVELOPMENT_TEAM = WL7H63J22B;
				GENERATE_INFOPLIST_FILE = YES;
				INFOPLIST_FILE = RxMemo/Info.plist;
				INFOPLIST_KEY_UIApplicationSupportsIndirectInputEvents = YES;
				INFOPLIST_KEY_UILaunchStoryboardName = LaunchScreen;
				INFOPLIST_KEY_UIMainStoryboardFile = Main;
				INFOPLIST_KEY_UISupportedInterfaceOrientations_iPad = "UIInterfaceOrientationPortrait UIInterfaceOrientationPortraitUpsideDown UIInterfaceOrientationLandscapeLeft UIInterfaceOrientationLandscapeRight";
				INFOPLIST_KEY_UISupportedInterfaceOrientations_iPhone = "UIInterfaceOrientationPortrait UIInterfaceOrientationLandscapeLeft UIInterfaceOrientationLandscapeRight";
				LD_RUNPATH_SEARCH_PATHS = (
					"$(inherited)",
					"@executable_path/Frameworks",
				);
				MARKETING_VERSION = 1.0;
				PRODUCT_BUNDLE_IDENTIFIER = net.woozzang.RxMemo;
				PRODUCT_NAME = "$(TARGET_NAME)";
				SWIFT_EMIT_LOC_STRINGS = YES;
				SWIFT_VERSION = 5.0;
				TARGETED_DEVICE_FAMILY = "1,2";
			};
			name = Debug;
		};
		930A4AE227AA63B600A691DF /* Release */ = {
			isa = XCBuildConfiguration;
			baseConfigurationReference = 87478B4106FE23CD7D284019 /* Pods-RxMemo.release.xcconfig */;
			buildSettings = {
				ASSETCATALOG_COMPILER_APPICON_NAME = AppIcon;
				ASSETCATALOG_COMPILER_GLOBAL_ACCENT_COLOR_NAME = AccentColor;
				CODE_SIGN_STYLE = Automatic;
				CURRENT_PROJECT_VERSION = 1;
				DEVELOPMENT_TEAM = WL7H63J22B;
				GENERATE_INFOPLIST_FILE = YES;
				INFOPLIST_FILE = RxMemo/Info.plist;
				INFOPLIST_KEY_UIApplicationSupportsIndirectInputEvents = YES;
				INFOPLIST_KEY_UILaunchStoryboardName = LaunchScreen;
				INFOPLIST_KEY_UIMainStoryboardFile = Main;
				INFOPLIST_KEY_UISupportedInterfaceOrientations_iPad = "UIInterfaceOrientationPortrait UIInterfaceOrientationPortraitUpsideDown UIInterfaceOrientationLandscapeLeft UIInterfaceOrientationLandscapeRight";
				INFOPLIST_KEY_UISupportedInterfaceOrientations_iPhone = "UIInterfaceOrientationPortrait UIInterfaceOrientationLandscapeLeft UIInterfaceOrientationLandscapeRight";
				LD_RUNPATH_SEARCH_PATHS = (
					"$(inherited)",
					"@executable_path/Frameworks",
				);
				MARKETING_VERSION = 1.0;
				PRODUCT_BUNDLE_IDENTIFIER = net.woozzang.RxMemo;
				PRODUCT_NAME = "$(TARGET_NAME)";
				SWIFT_EMIT_LOC_STRINGS = YES;
				SWIFT_VERSION = 5.0;
				TARGETED_DEVICE_FAMILY = "1,2";
			};
			name = Release;
		};
/* End XCBuildConfiguration section */

/* Begin XCConfigurationList section */
		930A4AC427AA63B500A691DF /* Build configuration list for PBXProject "RxMemo" */ = {
			isa = XCConfigurationList;
			buildConfigurations = (
				930A4ADE27AA63B600A691DF /* Debug */,
				930A4ADF27AA63B600A691DF /* Release */,
			);
			defaultConfigurationIsVisible = 0;
			defaultConfigurationName = Release;
		};
		930A4AE027AA63B600A691DF /* Build configuration list for PBXNativeTarget "RxMemo" */ = {
			isa = XCConfigurationList;
			buildConfigurations = (
				930A4AE127AA63B600A691DF /* Debug */,
				930A4AE227AA63B600A691DF /* Release */,
			);
			defaultConfigurationIsVisible = 0;
			defaultConfigurationName = Release;
		};
/* End XCConfigurationList section */

/* Begin XCVersionGroup section */
		930A4AD527AA63B500A691DF /* RxMemo.xcdatamodeld */ = {
			isa = XCVersionGroup;
			children = (
				930A4AD627AA63B500A691DF /* RxMemo.xcdatamodel */,
			);
			currentVersion = 930A4AD627AA63B500A691DF /* RxMemo.xcdatamodel */;
			path = RxMemo.xcdatamodeld;
			sourceTree = "<group>";
			versionGroupType = wrapper.xcdatamodel;
		};
/* End XCVersionGroup section */
	};
	rootObject = 930A4AC127AA63B500A691DF /* Project object */;
}
